// !$*UTF8*$!
{
	archiveVersion = 1;
	classes = {
	};
	objectVersion = 56;
	objects = {

/* Begin PBXBuildFile section */
		B65690BE2AB4C945004CA9D6 /* letSwiftUIApp.swift in Sources */ = {isa = PBXBuildFile; fileRef = B65690BD2AB4C945004CA9D6 /* letSwiftUIApp.swift */; };
		B65690C02AB4C945004CA9D6 /* ContentView.swift in Sources */ = {isa = PBXBuildFile; fileRef = B65690BF2AB4C945004CA9D6 /* ContentView.swift */; };
		B65690C22AB4C945004CA9D6 /* Assets.xcassets in Resources */ = {isa = PBXBuildFile; fileRef = B65690C12AB4C945004CA9D6 /* Assets.xcassets */; };
		B65690C52AB4C945004CA9D6 /* Preview Assets.xcassets in Resources */ = {isa = PBXBuildFile; fileRef = B65690C42AB4C945004CA9D6 /* Preview Assets.xcassets */; };
		B65690CF2AB4C945004CA9D6 /* letSwiftUITests.swift in Sources */ = {isa = PBXBuildFile; fileRef = B65690CE2AB4C945004CA9D6 /* letSwiftUITests.swift */; };
		B65690D92AB4C946004CA9D6 /* letSwiftUIUITests.swift in Sources */ = {isa = PBXBuildFile; fileRef = B65690D82AB4C946004CA9D6 /* letSwiftUIUITests.swift */; };
		B65690DB2AB4C946004CA9D6 /* letSwiftUIUITestsLaunchTests.swift in Sources */ = {isa = PBXBuildFile; fileRef = B65690DA2AB4C946004CA9D6 /* letSwiftUIUITestsLaunchTests.swift */; };
		B65690E82AB4C9B9004CA9D6 /* HomeView.swift in Sources */ = {isa = PBXBuildFile; fileRef = B65690E72AB4C9B9004CA9D6 /* HomeView.swift */; };
		B65690F02AB4CA17004CA9D6 /* ButtonView.swift in Sources */ = {isa = PBXBuildFile; fileRef = B65690EF2AB4CA16004CA9D6 /* ButtonView.swift */; };
/* End PBXBuildFile section */

/* Begin PBXContainerItemProxy section */
		B65690CB2AB4C945004CA9D6 /* PBXContainerItemProxy */ = {
			isa = PBXContainerItemProxy;
			containerPortal = B65690B22AB4C945004CA9D6 /* Project object */;
			proxyType = 1;
			remoteGlobalIDString = B65690B92AB4C945004CA9D6;
			remoteInfo = letSwiftUI;
		};
		B65690D52AB4C946004CA9D6 /* PBXContainerItemProxy */ = {
			isa = PBXContainerItemProxy;
			containerPortal = B65690B22AB4C945004CA9D6 /* Project object */;
			proxyType = 1;
			remoteGlobalIDString = B65690B92AB4C945004CA9D6;
			remoteInfo = letSwiftUI;
		};
/* End PBXContainerItemProxy section */

/* Begin PBXFileReference section */
		B65690BA2AB4C945004CA9D6 /* letSwiftUI.app */ = {isa = PBXFileReference; explicitFileType = wrapper.application; includeInIndex = 0; path = letSwiftUI.app; sourceTree = BUILT_PRODUCTS_DIR; };
		B65690BD2AB4C945004CA9D6 /* letSwiftUIApp.swift */ = {isa = PBXFileReference; lastKnownFileType = sourcecode.swift; path = letSwiftUIApp.swift; sourceTree = "<group>"; };
		B65690BF2AB4C945004CA9D6 /* ContentView.swift */ = {isa = PBXFileReference; lastKnownFileType = sourcecode.swift; path = ContentView.swift; sourceTree = "<group>"; };
		B65690C12AB4C945004CA9D6 /* Assets.xcassets */ = {isa = PBXFileReference; lastKnownFileType = folder.assetcatalog; path = Assets.xcassets; sourceTree = "<group>"; };
		B65690C42AB4C945004CA9D6 /* Preview Assets.xcassets */ = {isa = PBXFileReference; lastKnownFileType = folder.assetcatalog; path = "Preview Assets.xcassets"; sourceTree = "<group>"; };
		B65690CA2AB4C945004CA9D6 /* letSwiftUITests.xctest */ = {isa = PBXFileReference; explicitFileType = wrapper.cfbundle; includeInIndex = 0; path = letSwiftUITests.xctest; sourceTree = BUILT_PRODUCTS_DIR; };
		B65690CE2AB4C945004CA9D6 /* letSwiftUITests.swift */ = {isa = PBXFileReference; lastKnownFileType = sourcecode.swift; path = letSwiftUITests.swift; sourceTree = "<group>"; };
		B65690D42AB4C946004CA9D6 /* letSwiftUIUITests.xctest */ = {isa = PBXFileReference; explicitFileType = wrapper.cfbundle; includeInIndex = 0; path = letSwiftUIUITests.xctest; sourceTree = BUILT_PRODUCTS_DIR; };
		B65690D82AB4C946004CA9D6 /* letSwiftUIUITests.swift */ = {isa = PBXFileReference; lastKnownFileType = sourcecode.swift; path = letSwiftUIUITests.swift; sourceTree = "<group>"; };
		B65690DA2AB4C946004CA9D6 /* letSwiftUIUITestsLaunchTests.swift */ = {isa = PBXFileReference; lastKnownFileType = sourcecode.swift; path = letSwiftUIUITestsLaunchTests.swift; sourceTree = "<group>"; };
		B65690E72AB4C9B9004CA9D6 /* HomeView.swift */ = {isa = PBXFileReference; fileEncoding = 4; lastKnownFileType = sourcecode.swift; path = HomeView.swift; sourceTree = "<group>"; };
		B65690EF2AB4CA16004CA9D6 /* ButtonView.swift */ = {isa = PBXFileReference; fileEncoding = 4; lastKnownFileType = sourcecode.swift; path = ButtonView.swift; sourceTree = "<group>"; };
/* End PBXFileReference section */

/* Begin PBXFrameworksBuildPhase section */
		B65690B72AB4C945004CA9D6 /* Frameworks */ = {
			isa = PBXFrameworksBuildPhase;
			buildActionMask = 2147483647;
			files = (
			);
			runOnlyForDeploymentPostprocessing = 0;
		};
		B65690C72AB4C945004CA9D6 /* Frameworks */ = {
			isa = PBXFrameworksBuildPhase;
			buildActionMask = 2147483647;
			files = (
			);
			runOnlyForDeploymentPostprocessing = 0;
		};
		B65690D12AB4C946004CA9D6 /* Frameworks */ = {
			isa = PBXFrameworksBuildPhase;
			buildActionMask = 2147483647;
			files = (
			);
			runOnlyForDeploymentPostprocessing = 0;
		};
/* End PBXFrameworksBuildPhase section */

/* Begin PBXGroup section */
		B65690B12AB4C945004CA9D6 = {
			isa = PBXGroup;
			children = (
				B65690BC2AB4C945004CA9D6 /* letSwiftUI */,
				B65690CD2AB4C945004CA9D6 /* letSwiftUITests */,
				B65690D72AB4C946004CA9D6 /* letSwiftUIUITests */,
				B65690BB2AB4C945004CA9D6 /* Products */,
			);
			sourceTree = "<group>";
		};
		B65690BB2AB4C945004CA9D6 /* Products */ = {
			isa = PBXGroup;
			children = (
				B65690BA2AB4C945004CA9D6 /* letSwiftUI.app */,
				B65690CA2AB4C945004CA9D6 /* letSwiftUITests.xctest */,
				B65690D42AB4C946004CA9D6 /* letSwiftUIUITests.xctest */,
			);
			name = Products;
			sourceTree = "<group>";
		};
		B65690BC2AB4C945004CA9D6 /* letSwiftUI */ = {
			isa = PBXGroup;
			children = (
				B65690ED2AB4CA16004CA9D6 /* Samples */,
				B65690E72AB4C9B9004CA9D6 /* HomeView.swift */,
				B65690BD2AB4C945004CA9D6 /* letSwiftUIApp.swift */,
				B65690BF2AB4C945004CA9D6 /* ContentView.swift */,
				B65690C12AB4C945004CA9D6 /* Assets.xcassets */,
				B65690C32AB4C945004CA9D6 /* Preview Content */,
			);
			path = letSwiftUI;
			sourceTree = "<group>";
		};
		B65690C32AB4C945004CA9D6 /* Preview Content */ = {
			isa = PBXGroup;
			children = (
				B65690C42AB4C945004CA9D6 /* Preview Assets.xcassets */,
			);
			path = "Preview Content";
			sourceTree = "<group>";
		};
		B65690CD2AB4C945004CA9D6 /* letSwiftUITests */ = {
			isa = PBXGroup;
			children = (
				B65690CE2AB4C945004CA9D6 /* letSwiftUITests.swift */,
			);
			path = letSwiftUITests;
			sourceTree = "<group>";
		};
		B65690D72AB4C946004CA9D6 /* letSwiftUIUITests */ = {
			isa = PBXGroup;
			children = (
				B65690D82AB4C946004CA9D6 /* letSwiftUIUITests.swift */,
				B65690DA2AB4C946004CA9D6 /* letSwiftUIUITestsLaunchTests.swift */,
			);
			path = letSwiftUIUITests;
			sourceTree = "<group>";
		};
		B65690ED2AB4CA16004CA9D6 /* Samples */ = {
			isa = PBXGroup;
			children = (
				B65690EE2AB4CA16004CA9D6 /* Button */,
			);
			path = Samples;
			sourceTree = "<group>";
		};
		B65690EE2AB4CA16004CA9D6 /* Button */ = {
			isa = PBXGroup;
			children = (
				B65690EF2AB4CA16004CA9D6 /* ButtonView.swift */,
			);
			path = Button;
			sourceTree = "<group>";
		};
/* End PBXGroup section */

/* Begin PBXNativeTarget section */
		B65690B92AB4C945004CA9D6 /* letSwiftUI */ = {
			isa = PBXNativeTarget;
			buildConfigurationList = B65690DE2AB4C946004CA9D6 /* Build configuration list for PBXNativeTarget "letSwiftUI" */;
			buildPhases = (
				B65690B62AB4C945004CA9D6 /* Sources */,
				B65690B72AB4C945004CA9D6 /* Frameworks */,
				B65690B82AB4C945004CA9D6 /* Resources */,
			);
			buildRules = (
			);
			dependencies = (
			);
			name = letSwiftUI;
			productName = letSwiftUI;
			productReference = B65690BA2AB4C945004CA9D6 /* letSwiftUI.app */;
			productType = "com.apple.product-type.application";
		};
		B65690C92AB4C945004CA9D6 /* letSwiftUITests */ = {
			isa = PBXNativeTarget;
			buildConfigurationList = B65690E12AB4C946004CA9D6 /* Build configuration list for PBXNativeTarget "letSwiftUITests" */;
			buildPhases = (
				B65690C62AB4C945004CA9D6 /* Sources */,
				B65690C72AB4C945004CA9D6 /* Frameworks */,
				B65690C82AB4C945004CA9D6 /* Resources */,
			);
			buildRules = (
			);
			dependencies = (
				B65690CC2AB4C945004CA9D6 /* PBXTargetDependency */,
			);
			name = letSwiftUITests;
			productName = letSwiftUITests;
			productReference = B65690CA2AB4C945004CA9D6 /* letSwiftUITests.xctest */;
			productType = "com.apple.product-type.bundle.unit-test";
		};
		B65690D32AB4C946004CA9D6 /* letSwiftUIUITests */ = {
			isa = PBXNativeTarget;
			buildConfigurationList = B65690E42AB4C946004CA9D6 /* Build configuration list for PBXNativeTarget "letSwiftUIUITests" */;
			buildPhases = (
				B65690D02AB4C946004CA9D6 /* Sources */,
				B65690D12AB4C946004CA9D6 /* Frameworks */,
				B65690D22AB4C946004CA9D6 /* Resources */,
			);
			buildRules = (
			);
			dependencies = (
				B65690D62AB4C946004CA9D6 /* PBXTargetDependency */,
			);
			name = letSwiftUIUITests;
			productName = letSwiftUIUITests;
			productReference = B65690D42AB4C946004CA9D6 /* letSwiftUIUITests.xctest */;
			productType = "com.apple.product-type.bundle.ui-testing";
		};
/* End PBXNativeTarget section */

/* Begin PBXProject section */
		B65690B22AB4C945004CA9D6 /* Project object */ = {
			isa = PBXProject;
			attributes = {
				BuildIndependentTargetsInParallel = 1;
				LastSwiftUpdateCheck = 1430;
				LastUpgradeCheck = 1430;
				TargetAttributes = {
					B65690B92AB4C945004CA9D6 = {
						CreatedOnToolsVersion = 14.3.1;
					};
					B65690C92AB4C945004CA9D6 = {
						CreatedOnToolsVersion = 14.3.1;
						TestTargetID = B65690B92AB4C945004CA9D6;
					};
					B65690D32AB4C946004CA9D6 = {
						CreatedOnToolsVersion = 14.3.1;
						TestTargetID = B65690B92AB4C945004CA9D6;
					};
				};
			};
			buildConfigurationList = B65690B52AB4C945004CA9D6 /* Build configuration list for PBXProject "letSwiftUI" */;
			compatibilityVersion = "Xcode 14.0";
			developmentRegion = en;
			hasScannedForEncodings = 0;
			knownRegions = (
				en,
				Base,
			);
			mainGroup = B65690B12AB4C945004CA9D6;
			productRefGroup = B65690BB2AB4C945004CA9D6 /* Products */;
			projectDirPath = "";
			projectRoot = "";
			targets = (
				B65690B92AB4C945004CA9D6 /* letSwiftUI */,
				B65690C92AB4C945004CA9D6 /* letSwiftUITests */,
				B65690D32AB4C946004CA9D6 /* letSwiftUIUITests */,
			);
		};
/* End PBXProject section */

/* Begin PBXResourcesBuildPhase section */
		B65690B82AB4C945004CA9D6 /* Resources */ = {
			isa = PBXResourcesBuildPhase;
			buildActionMask = 2147483647;
			files = (
				B65690C52AB4C945004CA9D6 /* Preview Assets.xcassets in Resources */,
				B65690C22AB4C945004CA9D6 /* Assets.xcassets in Resources */,
			);
			runOnlyForDeploymentPostprocessing = 0;
		};
		B65690C82AB4C945004CA9D6 /* Resources */ = {
			isa = PBXResourcesBuildPhase;
			buildActionMask = 2147483647;
			files = (
			);
			runOnlyForDeploymentPostprocessing = 0;
		};
		B65690D22AB4C946004CA9D6 /* Resources */ = {
			isa = PBXResourcesBuildPhase;
			buildActionMask = 2147483647;
			files = (
			);
			runOnlyForDeploymentPostprocessing = 0;
		};
/* End PBXResourcesBuildPhase section */

/* Begin PBXSourcesBuildPhase section */
		B65690B62AB4C945004CA9D6 /* Sources */ = {
			isa = PBXSourcesBuildPhase;
			buildActionMask = 2147483647;
			files = (
				B65690E82AB4C9B9004CA9D6 /* HomeView.swift in Sources */,
				B65690C02AB4C945004CA9D6 /* ContentView.swift in Sources */,
				B65690F02AB4CA17004CA9D6 /* ButtonView.swift in Sources */,
				B65690BE2AB4C945004CA9D6 /* letSwiftUIApp.swift in Sources */,
			);
			runOnlyForDeploymentPostprocessing = 0;
		};
		B65690C62AB4C945004CA9D6 /* Sources */ = {
			isa = PBXSourcesBuildPhase;
			buildActionMask = 2147483647;
			files = (
				B65690CF2AB4C945004CA9D6 /* letSwiftUITests.swift in Sources */,
			);
			runOnlyForDeploymentPostprocessing = 0;
		};
		B65690D02AB4C946004CA9D6 /* Sources */ = {
			isa = PBXSourcesBuildPhase;
			buildActionMask = 2147483647;
			files = (
				B65690DB2AB4C946004CA9D6 /* letSwiftUIUITestsLaunchTests.swift in Sources */,
				B65690D92AB4C946004CA9D6 /* letSwiftUIUITests.swift in Sources */,
			);
			runOnlyForDeploymentPostprocessing = 0;
		};
/* End PBXSourcesBuildPhase section */

/* Begin PBXTargetDependency section */
		B65690CC2AB4C945004CA9D6 /* PBXTargetDependency */ = {
			isa = PBXTargetDependency;
			target = B65690B92AB4C945004CA9D6 /* letSwiftUI */;
			targetProxy = B65690CB2AB4C945004CA9D6 /* PBXContainerItemProxy */;
		};
		B65690D62AB4C946004CA9D6 /* PBXTargetDependency */ = {
			isa = PBXTargetDependency;
			target = B65690B92AB4C945004CA9D6 /* letSwiftUI */;
			targetProxy = B65690D52AB4C946004CA9D6 /* PBXContainerItemProxy */;
		};
/* End PBXTargetDependency section */

/* Begin XCBuildConfiguration section */
		B65690DC2AB4C946004CA9D6 /* Debug */ = {
			isa = XCBuildConfiguration;
			buildSettings = {
				ALWAYS_SEARCH_USER_PATHS = NO;
				CLANG_ANALYZER_NONNULL = YES;
				CLANG_ANALYZER_NUMBER_OBJECT_CONVERSION = YES_AGGRESSIVE;
				CLANG_CXX_LANGUAGE_STANDARD = "gnu++20";
				CLANG_ENABLE_MODULES = YES;
				CLANG_ENABLE_OBJC_ARC = YES;
				CLANG_ENABLE_OBJC_WEAK = YES;
				CLANG_WARN_BLOCK_CAPTURE_AUTORELEASING = YES;
				CLANG_WARN_BOOL_CONVERSION = YES;
				CLANG_WARN_COMMA = YES;
				CLANG_WARN_CONSTANT_CONVERSION = YES;
				CLANG_WARN_DEPRECATED_OBJC_IMPLEMENTATIONS = YES;
				CLANG_WARN_DIRECT_OBJC_ISA_USAGE = YES_ERROR;
				CLANG_WARN_DOCUMENTATION_COMMENTS = YES;
				CLANG_WARN_EMPTY_BODY = YES;
				CLANG_WARN_ENUM_CONVERSION = YES;
				CLANG_WARN_INFINITE_RECURSION = YES;
				CLANG_WARN_INT_CONVERSION = YES;
				CLANG_WARN_NON_LITERAL_NULL_CONVERSION = YES;
				CLANG_WARN_OBJC_IMPLICIT_RETAIN_SELF = YES;
				CLANG_WARN_OBJC_LITERAL_CONVERSION = YES;
				CLANG_WARN_OBJC_ROOT_CLASS = YES_ERROR;
				CLANG_WARN_QUOTED_INCLUDE_IN_FRAMEWORK_HEADER = YES;
				CLANG_WARN_RANGE_LOOP_ANALYSIS = YES;
				CLANG_WARN_STRICT_PROTOTYPES = YES;
				CLANG_WARN_SUSPICIOUS_MOVE = YES;
				CLANG_WARN_UNGUARDED_AVAILABILITY = YES_AGGRESSIVE;
				CLANG_WARN_UNREACHABLE_CODE = YES;
				CLANG_WARN__DUPLICATE_METHOD_MATCH = YES;
				COPY_PHASE_STRIP = NO;
				DEBUG_INFORMATION_FORMAT = dwarf;
				ENABLE_STRICT_OBJC_MSGSEND = YES;
				ENABLE_TESTABILITY = YES;
				GCC_C_LANGUAGE_STANDARD = gnu11;
				GCC_DYNAMIC_NO_PIC = NO;
				GCC_NO_COMMON_BLOCKS = YES;
				GCC_OPTIMIZATION_LEVEL = 0;
				GCC_PREPROCESSOR_DEFINITIONS = (
					"DEBUG=1",
					"$(inherited)",
				);
				GCC_WARN_64_TO_32_BIT_CONVERSION = YES;
				GCC_WARN_ABOUT_RETURN_TYPE = YES_ERROR;
				GCC_WARN_UNDECLARED_SELECTOR = YES;
				GCC_WARN_UNINITIALIZED_AUTOS = YES_AGGRESSIVE;
				GCC_WARN_UNUSED_FUNCTION = YES;
				GCC_WARN_UNUSED_VARIABLE = YES;
				IPHONEOS_DEPLOYMENT_TARGET = 16.4;
				MTL_ENABLE_DEBUG_INFO = INCLUDE_SOURCE;
				MTL_FAST_MATH = YES;
				ONLY_ACTIVE_ARCH = YES;
				SDKROOT = iphoneos;
				SWIFT_ACTIVE_COMPILATION_CONDITIONS = DEBUG;
				SWIFT_OPTIMIZATION_LEVEL = "-Onone";
			};
			name = Debug;
		};
		B65690DD2AB4C946004CA9D6 /* Release */ = {
			isa = XCBuildConfiguration;
			buildSettings = {
				ALWAYS_SEARCH_USER_PATHS = NO;
				CLANG_ANALYZER_NONNULL = YES;
				CLANG_ANALYZER_NUMBER_OBJECT_CONVERSION = YES_AGGRESSIVE;
				CLANG_CXX_LANGUAGE_STANDARD = "gnu++20";
				CLANG_ENABLE_MODULES = YES;
				CLANG_ENABLE_OBJC_ARC = YES;
				CLANG_ENABLE_OBJC_WEAK = YES;
				CLANG_WARN_BLOCK_CAPTURE_AUTORELEASING = YES;
				CLANG_WARN_BOOL_CONVERSION = YES;
				CLANG_WARN_COMMA = YES;
				CLANG_WARN_CONSTANT_CONVERSION = YES;
				CLANG_WARN_DEPRECATED_OBJC_IMPLEMENTATIONS = YES;
				CLANG_WARN_DIRECT_OBJC_ISA_USAGE = YES_ERROR;
				CLANG_WARN_DOCUMENTATION_COMMENTS = YES;
				CLANG_WARN_EMPTY_BODY = YES;
				CLANG_WARN_ENUM_CONVERSION = YES;
				CLANG_WARN_INFINITE_RECURSION = YES;
				CLANG_WARN_INT_CONVERSION = YES;
				CLANG_WARN_NON_LITERAL_NULL_CONVERSION = YES;
				CLANG_WARN_OBJC_IMPLICIT_RETAIN_SELF = YES;
				CLANG_WARN_OBJC_LITERAL_CONVERSION = YES;
				CLANG_WARN_OBJC_ROOT_CLASS = YES_ERROR;
				CLANG_WARN_QUOTED_INCLUDE_IN_FRAMEWORK_HEADER = YES;
				CLANG_WARN_RANGE_LOOP_ANALYSIS = YES;
				CLANG_WARN_STRICT_PROTOTYPES = YES;
				CLANG_WARN_SUSPICIOUS_MOVE = YES;
				CLANG_WARN_UNGUARDED_AVAILABILITY = YES_AGGRESSIVE;
				CLANG_WARN_UNREACHABLE_CODE = YES;
				CLANG_WARN__DUPLICATE_METHOD_MATCH = YES;
				COPY_PHASE_STRIP = NO;
				DEBUG_INFORMATION_FORMAT = "dwarf-with-dsym";
				ENABLE_NS_ASSERTIONS = NO;
				ENABLE_STRICT_OBJC_MSGSEND = YES;
				GCC_C_LANGUAGE_STANDARD = gnu11;
				GCC_NO_COMMON_BLOCKS = YES;
				GCC_WARN_64_TO_32_BIT_CONVERSION = YES;
				GCC_WARN_ABOUT_RETURN_TYPE = YES_ERROR;
				GCC_WARN_UNDECLARED_SELECTOR = YES;
				GCC_WARN_UNINITIALIZED_AUTOS = YES_AGGRESSIVE;
				GCC_WARN_UNUSED_FUNCTION = YES;
				GCC_WARN_UNUSED_VARIABLE = YES;
				IPHONEOS_DEPLOYMENT_TARGET = 16.4;
				MTL_ENABLE_DEBUG_INFO = NO;
				MTL_FAST_MATH = YES;
				SDKROOT = iphoneos;
				SWIFT_COMPILATION_MODE = wholemodule;
				SWIFT_OPTIMIZATION_LEVEL = "-O";
				VALIDATE_PRODUCT = YES;
			};
			name = Release;
		};
		B65690DF2AB4C946004CA9D6 /* Debug */ = {
			isa = XCBuildConfiguration;
			buildSettings = {
				ASSETCATALOG_COMPILER_APPICON_NAME = AppIcon;
				ASSETCATALOG_COMPILER_GLOBAL_ACCENT_COLOR_NAME = AccentColor;
				CODE_SIGN_STYLE = Automatic;
				CURRENT_PROJECT_VERSION = 1;
				DEVELOPMENT_ASSET_PATHS = "\"letSwiftUI/Preview Content\"";
				DEVELOPMENT_TEAM = K5KG3NX6RA;
				ENABLE_PREVIEWS = YES;
				GENERATE_INFOPLIST_FILE = YES;
				INFOPLIST_KEY_UIApplicationSceneManifest_Generation = YES;
				INFOPLIST_KEY_UIApplicationSupportsIndirectInputEvents = YES;
				INFOPLIST_KEY_UILaunchScreen_Generation = YES;
				INFOPLIST_KEY_UISupportedInterfaceOrientations_iPad = "UIInterfaceOrientationPortrait UIInterfaceOrientationPortraitUpsideDown UIInterfaceOrientationLandscapeLeft UIInterfaceOrientationLandscapeRight";
				INFOPLIST_KEY_UISupportedInterfaceOrientations_iPhone = "UIInterfaceOrientationPortrait UIInterfaceOrientationLandscapeLeft UIInterfaceOrientationLandscapeRight";
				LD_RUNPATH_SEARCH_PATHS = (
					"$(inherited)",
					"@executable_path/Frameworks",
				);
				MARKETING_VERSION = 1.0;
				PRODUCT_BUNDLE_IDENTIFIER = "just-learn.letSwiftUI";
				PRODUCT_NAME = "$(TARGET_NAME)";
				SWIFT_EMIT_LOC_STRINGS = YES;
				SWIFT_VERSION = 5.0;
				TARGETED_DEVICE_FAMILY = "1,2";
			};
			name = Debug;
		};
		B65690E02AB4C946004CA9D6 /* Release */ = {
			isa = XCBuildConfiguration;
			buildSettings = {
				ASSETCATALOG_COMPILER_APPICON_NAME = AppIcon;
				ASSETCATALOG_COMPILER_GLOBAL_ACCENT_COLOR_NAME = AccentColor;
				CODE_SIGN_STYLE = Automatic;
				CURRENT_PROJECT_VERSION = 1;
				DEVELOPMENT_ASSET_PATHS = "\"letSwiftUI/Preview Content\"";
				DEVELOPMENT_TEAM = K5KG3NX6RA;
				ENABLE_PREVIEWS = YES;
				GENERATE_INFOPLIST_FILE = YES;
				INFOPLIST_KEY_UIApplicationSceneManifest_Generation = YES;
				INFOPLIST_KEY_UIApplicationSupportsIndirectInputEvents = YES;
				INFOPLIST_KEY_UILaunchScreen_Generation = YES;
				INFOPLIST_KEY_UISupportedInterfaceOrientations_iPad = "UIInterfaceOrientationPortrait UIInterfaceOrientationPortraitUpsideDown UIInterfaceOrientationLandscapeLeft UIInterfaceOrientationLandscapeRight";
				INFOPLIST_KEY_UISupportedInterfaceOrientations_iPhone = "UIInterfaceOrientationPortrait UIInterfaceOrientationLandscapeLeft UIInterfaceOrientationLandscapeRight";
				LD_RUNPATH_SEARCH_PATHS = (
					"$(inherited)",
					"@executable_path/Frameworks",
				);
				MARKETING_VERSION = 1.0;
				PRODUCT_BUNDLE_IDENTIFIER = "just-learn.letSwiftUI";
				PRODUCT_NAME = "$(TARGET_NAME)";
				SWIFT_EMIT_LOC_STRINGS = YES;
				SWIFT_VERSION = 5.0;
				TARGETED_DEVICE_FAMILY = "1,2";
			};
			name = Release;
		};
		B65690E22AB4C946004CA9D6 /* Debug */ = {
			isa = XCBuildConfiguration;
			buildSettings = {
				ALWAYS_EMBED_SWIFT_STANDARD_LIBRARIES = YES;
				BUNDLE_LOADER = "$(TEST_HOST)";
				CODE_SIGN_STYLE = Automatic;
				CURRENT_PROJECT_VERSION = 1;
				DEVELOPMENT_TEAM = K5KG3NX6RA;
				GENERATE_INFOPLIST_FILE = YES;
				IPHONEOS_DEPLOYMENT_TARGET = 16.4;
				MARKETING_VERSION = 1.0;
				PRODUCT_BUNDLE_IDENTIFIER = "just-learn.letSwiftUITests";
				PRODUCT_NAME = "$(TARGET_NAME)";
				SWIFT_EMIT_LOC_STRINGS = NO;
				SWIFT_VERSION = 5.0;
				TARGETED_DEVICE_FAMILY = "1,2";
				TEST_HOST = "$(BUILT_PRODUCTS_DIR)/letSwiftUI.app/$(BUNDLE_EXECUTABLE_FOLDER_PATH)/letSwiftUI";
			};
			name = Debug;
		};
		B65690E32AB4C946004CA9D6 /* Release */ = {
			isa = XCBuildConfiguration;
			buildSettings = {
				ALWAYS_EMBED_SWIFT_STANDARD_LIBRARIES = YES;
				BUNDLE_LOADER = "$(TEST_HOST)";
				CODE_SIGN_STYLE = Automatic;
				CURRENT_PROJECT_VERSION = 1;
				DEVELOPMENT_TEAM = K5KG3NX6RA;
				GENERATE_INFOPLIST_FILE = YES;
				IPHONEOS_DEPLOYMENT_TARGET = 16.4;
				MARKETING_VERSION = 1.0;
				PRODUCT_BUNDLE_IDENTIFIER = "just-learn.letSwiftUITests";
				PRODUCT_NAME = "$(TARGET_NAME)";
				SWIFT_EMIT_LOC_STRINGS = NO;
				SWIFT_VERSION = 5.0;
				TARGETED_DEVICE_FAMILY = "1,2";
				TEST_HOST = "$(BUILT_PRODUCTS_DIR)/letSwiftUI.app/$(BUNDLE_EXECUTABLE_FOLDER_PATH)/letSwiftUI";
			};
			name = Release;
		};
		B65690E52AB4C946004CA9D6 /* Debug */ = {
			isa = XCBuildConfiguration;
			buildSettings = {
				ALWAYS_EMBED_SWIFT_STANDARD_LIBRARIES = YES;
				CODE_SIGN_STYLE = Automatic;
				CURRENT_PROJECT_VERSION = 1;
				DEVELOPMENT_TEAM = K5KG3NX6RA;
				GENERATE_INFOPLIST_FILE = YES;
				MARKETING_VERSION = 1.0;
				PRODUCT_BUNDLE_IDENTIFIER = "just-learn.letSwiftUIUITests";
				PRODUCT_NAME = "$(TARGET_NAME)";
				SWIFT_EMIT_LOC_STRINGS = NO;
				SWIFT_VERSION = 5.0;
				TARGETED_DEVICE_FAMILY = "1,2";
				TEST_TARGET_NAME = letSwiftUI;
			};
			name = Debug;
		};
		B65690E62AB4C946004CA9D6 /* Release */ = {
			isa = XCBuildConfiguration;
			buildSettings = {
				ALWAYS_EMBED_SWIFT_STANDARD_LIBRARIES = YES;
				CODE_SIGN_STYLE = Automatic;
				CURRENT_PROJECT_VERSION = 1;
				DEVELOPMENT_TEAM = K5KG3NX6RA;
				GENERATE_INFOPLIST_FILE = YES;
				MARKETING_VERSION = 1.0;
				PRODUCT_BUNDLE_IDENTIFIER = "just-learn.letSwiftUIUITests";
				PRODUCT_NAME = "$(TARGET_NAME)";
				SWIFT_EMIT_LOC_STRINGS = NO;
				SWIFT_VERSION = 5.0;
				TARGETED_DEVICE_FAMILY = "1,2";
				TEST_TARGET_NAME = letSwiftUI;
			};
			name = Release;
		};
/* End XCBuildConfiguration section */

/* Begin XCConfigurationList section */
		B65690B52AB4C945004CA9D6 /* Build configuration list for PBXProject "letSwiftUI" */ = {
			isa = XCConfigurationList;
			buildConfigurations = (
				B65690DC2AB4C946004CA9D6 /* Debug */,
				B65690DD2AB4C946004CA9D6 /* Release */,
			);
			defaultConfigurationIsVisible = 0;
			defaultConfigurationName = Release;
		};
		B65690DE2AB4C946004CA9D6 /* Build configuration list for PBXNativeTarget "letSwiftUI" */ = {
			isa = XCConfigurationList;
			buildConfigurations = (
				B65690DF2AB4C946004CA9D6 /* Debug */,
				B65690E02AB4C946004CA9D6 /* Release */,
			);
			defaultConfigurationIsVisible = 0;
			defaultConfigurationName = Release;
		};
		B65690E12AB4C946004CA9D6 /* Build configuration list for PBXNativeTarget "letSwiftUITests" */ = {
			isa = XCConfigurationList;
			buildConfigurations = (
				B65690E22AB4C946004CA9D6 /* Debug */,
				B65690E32AB4C946004CA9D6 /* Release */,
			);
			defaultConfigurationIsVisible = 0;
			defaultConfigurationName = Release;
		};
		B65690E42AB4C946004CA9D6 /* Build configuration list for PBXNativeTarget "letSwiftUIUITests" */ = {
			isa = XCConfigurationList;
			buildConfigurations = (
				B65690E52AB4C946004CA9D6 /* Debug */,
				B65690E62AB4C946004CA9D6 /* Release */,
			);
			defaultConfigurationIsVisible = 0;
			defaultConfigurationName = Release;
		};
/* End XCConfigurationList section */
	};
	rootObject = B65690B22AB4C945004CA9D6 /* Project object */;
}
